{
    "_readme": [
        "This file locks the dependencies of your project to a known state",
        "Read more about it at http://getcomposer.org/doc/01-basic-usage.md#composer-lock-the-lock-file"
    ],
    "hash": "d3feee79fb02f7b4e4ab3911afe71740",
    "packages": [
        {
            "name": "phpexcel/phpexcel",
            "version": "v1.7.7",
            "source": {
                "type": "git",
                "url": "https://github.com/ddeboer/phpexcel",
                "reference": "v1.7.7"
            },
            "dist": {
                "type": "zip",
                "url": "https://github.com/ddeboer/phpexcel/zipball/v1.7.7",
                "reference": "v1.7.7",
                "shasum": ""
            },
            "require": {
                "php": ">5.2.0"
            },
            "type": "library",
            "autoload": {
                "psr-0": {
                    "PHPExcel": "Classes"
                }
            },
            "notification-url": "http://packagist.org/downloads/",
            "license": [
                "GNU"
            ],
            "description": "PHPExcel - OpenXML - Create Excel2007 documents in PHP - Spreadsheet engine",
            "homepage": "http://phpexcel.codeplex.com",
            "keywords": [
                "excel",
                "xls"
            ],
            "time": "2012-09-04 11:29:37"
        },
        {
            "name": "phpmailer/phpmailer",
            "version": "v5.2.6",
            "source": {
                "type": "git",
                "url": "https://github.com/PHPMailer/PHPMailer.git",
                "reference": "v5.2.6"
            },
            "dist": {
                "type": "zip",
                "url": "https://api.github.com/repos/PHPMailer/PHPMailer/zipball/v5.2.6",
                "reference": "v5.2.6",
                "shasum": ""
            },
            "require": {
                "php": ">=5.0.0"
            },
            "require-dev": {
                "phpdocumentor/phpdocumentor": "*",
                "phpunit/phpunit": "*"
            },
            "type": "library",
            "autoload": {
                "classmap": [
                    "class.phpmailer.php",
                    "class.pop3.php",
                    "class.smtp.php"
                ]
            },
            "notification-url": "http://packagist.org/downloads/",
            "license": [
                "LGPL-2.1"
            ],
            "authors": [
                {
                    "name": "Jim Jagielski",
                    "email": "jimjag@gmail.com"
                },
                {
                    "name": "Marcus Bointon",
                    "email": "phpmailer@synchromedia.co.uk"
                },
                {
                    "name": "Andy Prevost",
                    "email": "codeworxtech@users.sourceforge.net"
                },
                {
                    "name": "Brent R. Matzelle"
                }
            ],
            "description": "PHPMailer is a full-featured email creation and transfer class for PHP",
            "time": "2013-04-11 05:18:40"
        },
        {
            "name": "yiisoft/yii",
            "version": "1.1.13",
            "source": {
                "type": "git",
                "url": "https://github.com/yiisoft/yii.git",
                "reference": "e9e4a0d5be901d8bd48e516a2d9afe33d6fd05a6"
            },
            "dist": {
                "type": "zip",
                "url": "https://github.com/yiisoft/yii/archive/e9e4a0d5be901d8bd48e516a2d9afe33d6fd05a6.zip",
                "reference": null,
                "shasum": null
            },
            "type": "library",
            "description": "Yii PHP Framework",
            "homepage": "https://github.com/yiisoft/yii"
        }
    ],
    "packages-dev": [

    ],
    "aliases": [

    ],
    "minimum-stability": "stable",
    "stability-flags": [

    ],
    "platform": [

    ],
    "platform-dev": [

    ]
}
